
Microsoft Visual Studio Solution File, Format Version 12.00
# Visual Studio Version 17
VisualStudioVersion = 17.4.33122.133
MinimumVisualStudioVersion = 10.0.40219.1
Project("{FAE04EC0-301F-11D3-BF4B-00C04F79EFBC}") = "FinalProject_MaksimTomilin", "FinalProject_MaksimTomilin\FinalProject_MaksimTomilin.csproj", "{98AB0E19-8DDA-44BD-99E8-B6F728DB4F07}"
EndProject
Global
	GlobalSection(SolutionConfigurationPlatforms) = preSolution
		Debug|Any CPU = Debug|Any CPU
		Release|Any CPU = Release|Any CPU
	EndGlobalSection
	GlobalSection(ProjectConfigurationPlatforms) = postSolution
		{98AB0E19-8DDA-44BD-99E8-B6F728DB4F07}.Debug|Any CPU.ActiveCfg = Debug|Any CPU
		{98AB0E19-8DDA-44BD-99E8-B6F728DB4F07}.Debug|Any CPU.Build.0 = Debug|Any CPU
		{98AB0E19-8DDA-44BD-99E8-B6F728DB4F07}.Release|Any CPU.ActiveCfg = Release|Any CPU
		{98AB0E19-8DDA-44BD-99E8-B6F728DB4F07}.Release|Any CPU.Build.0 = Release|Any CPU
	EndGlobalSection
	GlobalSection(SolutionProperties) = preSolution
		HideSolutionNode = FALSE
	EndGlobalSection
	GlobalSection(ExtensibilityGlobals) = postSolution
		SolutionGuid = {2057E5FA-1A4E-4A96-A722-E7B93BA9781C}
	EndGlobalSection
EndGlobal
